PODS:
  - BigInt (4.0.0)
  - CryptoSwift (1.0.0)
  - Serializable.swift (0.1.2)
  - Tesseract.EthereumTypes (0.1.6):
    - BigInt (~> 4.0)
    - CryptoSwift (~> 1.0)
    - Serializable.swift (~> 0.1)
  - Tesseract.EthereumWeb3 (0.1.0):
    - Tesseract.EthereumWeb3/Core (= 0.1.0)
  - Tesseract.EthereumWeb3/Core (0.1.0):
    - Tesseract.EthereumTypes (~> 0.1)
  - Tesseract.OpenWallet/Client (0.1.4):
    - Tesseract.OpenWallet/Core
  - Tesseract.OpenWallet/Core (0.1.4)
  - Tesseract.OpenWallet/Ethereum (0.1.4):
    - Tesseract.OpenWallet/Client
    - Tesseract.OpenWallet/Ethereum.Core
  - Tesseract.OpenWallet/Ethereum.Core (0.1.4):
    - Serializable.swift (~> 0.1)
    - Tesseract.EthereumTypes (~> 0.1)
    - Tesseract.OpenWallet/Core

DEPENDENCIES:
  - Tesseract.EthereumWeb3 (~> 0.1)
  - Tesseract.OpenWallet/Ethereum (~> 0.1)

SPEC REPOS:
  https://github.com/cocoapods/specs.git:
    - BigInt
    - CryptoSwift
    - Serializable.swift
    - Tesseract.EthereumTypes
    - Tesseract.EthereumWeb3
    - Tesseract.OpenWallet

SPEC CHECKSUMS:
  BigInt: 2aad1a9942dc932ec8b84290d2c564a3d76f97ab
  CryptoSwift: d81eeaa59dc5a8d03720fe919a6fd07b51f7439f
  Serializable.swift: 30c5cd7c995bc8140afbd0df09b8185d461aa61b
  Tesseract.EthereumTypes: cef679ade2b8e866cdc6088bac09da870afd4359
  Tesseract.EthereumWeb3: 959a1f6c640e63d20b22507b3b0adf39af4a8243
  Tesseract.OpenWallet: 2451581313c1b21741af11ba439db138df4aaa5a

PODFILE CHECKSUM: cc558c90644252629a138384b422fa0578a2fe7c

COCOAPODS: 1.6.1
