// !$*UTF8*$!
{
	archiveVersion = 1;
	classes = {
	};
	objectVersion = 50;
	objects = {

/* Begin PBXBuildFile section */
		9234BF64227CA61500A43A2C /* Tesseract.framework in Frameworks */ = {isa = PBXBuildFile; fileRef = 9234BF5A227CA61500A43A2C /* Tesseract.framework */; };
		9234BF7C227CA6AD00A43A2C /* TesseractTests.swift in Sources */ = {isa = PBXBuildFile; fileRef = 9234BF7A227CA6AD00A43A2C /* TesseractTests.swift */; };
		9234BF7F227CA7B900A43A2C /* Tesseract.swift in Sources */ = {isa = PBXBuildFile; fileRef = 9234BF7E227CA7B900A43A2C /* Tesseract.swift */; };
		9234BF81227CA8E000A43A2C /* Extension.swift in Sources */ = {isa = PBXBuildFile; fileRef = 9234BF80227CA8E000A43A2C /* Extension.swift */; };
		9234BF89227CACA300A43A2C /* OpenWallet.swift in Sources */ = {isa = PBXBuildFile; fileRef = 9234BF88227CACA300A43A2C /* OpenWallet.swift */; };
		927DDD302284AE9C00B7719D /* BigInt.framework in Copy Frameworks */ = {isa = PBXBuildFile; fileRef = 92C64C8F2284AE4C00F547C3 /* BigInt.framework */; settings = {ATTRIBUTES = (CodeSignOnCopy, RemoveHeadersOnCopy, ); }; };
		927DDD312284AE9C00B7719D /* CryptoSwift.framework in Copy Frameworks */ = {isa = PBXBuildFile; fileRef = 92C64C8C2284AE4C00F547C3 /* CryptoSwift.framework */; settings = {ATTRIBUTES = (CodeSignOnCopy, RemoveHeadersOnCopy, ); }; };
		927DDD322284AE9C00B7719D /* Ethereum.framework in Copy Frameworks */ = {isa = PBXBuildFile; fileRef = 92C64C8E2284AE4C00F547C3 /* Ethereum.framework */; settings = {ATTRIBUTES = (CodeSignOnCopy, RemoveHeadersOnCopy, ); }; };
		927DDD332284AE9C00B7719D /* OpenWalletEthereum.framework in Copy Frameworks */ = {isa = PBXBuildFile; fileRef = 92C64C8D2284AE4C00F547C3 /* OpenWalletEthereum.framework */; settings = {ATTRIBUTES = (CodeSignOnCopy, RemoveHeadersOnCopy, ); }; };
		927DDD342284AE9C00B7719D /* Serializable.framework in Copy Frameworks */ = {isa = PBXBuildFile; fileRef = 92C64C902284AE4D00F547C3 /* Serializable.framework */; settings = {ATTRIBUTES = (CodeSignOnCopy, RemoveHeadersOnCopy, ); }; };
		927DDD352284AE9C00B7719D /* OpenWallet.framework in Copy Frameworks */ = {isa = PBXBuildFile; fileRef = 92C64C852284AD9600F547C3 /* OpenWallet.framework */; settings = {ATTRIBUTES = (CodeSignOnCopy, RemoveHeadersOnCopy, ); }; };
		927DDD362284AE9C00B7719D /* OpenWalletCore.framework in Copy Frameworks */ = {isa = PBXBuildFile; fileRef = 92C64C862284AD9600F547C3 /* OpenWalletCore.framework */; settings = {ATTRIBUTES = (CodeSignOnCopy, RemoveHeadersOnCopy, ); }; };
		927DDD372284AF5800B7719D /* Web3.swift in Sources */ = {isa = PBXBuildFile; fileRef = 9234BF92227CD2CC00A43A2C /* Web3.swift */; };
		92C64C7D2284AA0C00F547C3 /* Tesseract.framework in Frameworks */ = {isa = PBXBuildFile; fileRef = 9234BF5A227CA61500A43A2C /* Tesseract.framework */; };
		92C64C802284AAD400F547C3 /* EthereumExtensions.swift in Sources */ = {isa = PBXBuildFile; fileRef = 9234BF8C227CB35C00A43A2C /* EthereumExtensions.swift */; };
		92C64C832284ACC700F547C3 /* TesseractEthereum.framework in Frameworks */ = {isa = PBXBuildFile; fileRef = 92C64C622284A8A800F547C3 /* TesseractEthereum.framework */; };
		92C64C872284AD9600F547C3 /* OpenWallet.framework in Frameworks */ = {isa = PBXBuildFile; fileRef = 92C64C852284AD9600F547C3 /* OpenWallet.framework */; };
		92C64C882284AD9600F547C3 /* OpenWalletCore.framework in Frameworks */ = {isa = PBXBuildFile; fileRef = 92C64C862284AD9600F547C3 /* OpenWalletCore.framework */; };
		92C64C8A2284ADD900F547C3 /* OpenWallet.framework in Frameworks */ = {isa = PBXBuildFile; fileRef = 92C64C852284AD9600F547C3 /* OpenWallet.framework */; };
		92C64C8B2284ADDD00F547C3 /* OpenWalletCore.framework in Frameworks */ = {isa = PBXBuildFile; fileRef = 92C64C862284AD9600F547C3 /* OpenWalletCore.framework */; };
		92C64C912284AE4D00F547C3 /* CryptoSwift.framework in Frameworks */ = {isa = PBXBuildFile; fileRef = 92C64C8C2284AE4C00F547C3 /* CryptoSwift.framework */; };
		92C64C922284AE4D00F547C3 /* OpenWalletEthereum.framework in Frameworks */ = {isa = PBXBuildFile; fileRef = 92C64C8D2284AE4C00F547C3 /* OpenWalletEthereum.framework */; };
		92C64C932284AE4D00F547C3 /* Ethereum.framework in Frameworks */ = {isa = PBXBuildFile; fileRef = 92C64C8E2284AE4C00F547C3 /* Ethereum.framework */; };
		92C64C942284AE4D00F547C3 /* BigInt.framework in Frameworks */ = {isa = PBXBuildFile; fileRef = 92C64C8F2284AE4C00F547C3 /* BigInt.framework */; };
		92C64C952284AE4D00F547C3 /* Serializable.framework in Frameworks */ = {isa = PBXBuildFile; fileRef = 92C64C902284AE4D00F547C3 /* Serializable.framework */; };
/* End PBXBuildFile section */

/* Begin PBXContainerItemProxy section */
		9234BF65227CA61500A43A2C /* PBXContainerItemProxy */ = {
			isa = PBXContainerItemProxy;
			containerPortal = 9234BF51227CA61500A43A2C /* Project object */;
			proxyType = 1;
			remoteGlobalIDString = 9234BF59227CA61500A43A2C;
			remoteInfo = "Tesseract-iOS";
		};
		92C64C772284A9CD00F547C3 /* PBXContainerItemProxy */ = {
			isa = PBXContainerItemProxy;
			containerPortal = 9234BF51227CA61500A43A2C /* Project object */;
			proxyType = 1;
			remoteGlobalIDString = 9234BF59227CA61500A43A2C;
			remoteInfo = "Tesseract-iOS";
		};
		92C64C812284ACB200F547C3 /* PBXContainerItemProxy */ = {
			isa = PBXContainerItemProxy;
			containerPortal = 9234BF51227CA61500A43A2C /* Project object */;
			proxyType = 1;
			remoteGlobalIDString = 92C64C612284A8A800F547C3;
			remoteInfo = "TesseractEthereum-iOS";
		};
/* End PBXContainerItemProxy section */

/* Begin PBXCopyFilesBuildPhase section */
		927DDD2F2284AE8E00B7719D /* Copy Frameworks */ = {
			isa = PBXCopyFilesBuildPhase;
			buildActionMask = 2147483647;
			dstPath = "";
			dstSubfolderSpec = 10;
			files = (
				927DDD302284AE9C00B7719D /* BigInt.framework in Copy Frameworks */,
				927DDD312284AE9C00B7719D /* CryptoSwift.framework in Copy Frameworks */,
				927DDD322284AE9C00B7719D /* Ethereum.framework in Copy Frameworks */,
				927DDD332284AE9C00B7719D /* OpenWalletEthereum.framework in Copy Frameworks */,
				927DDD342284AE9C00B7719D /* Serializable.framework in Copy Frameworks */,
				927DDD352284AE9C00B7719D /* OpenWallet.framework in Copy Frameworks */,
				927DDD362284AE9C00B7719D /* OpenWalletCore.framework in Copy Frameworks */,
			);
			name = "Copy Frameworks";
			runOnlyForDeploymentPostprocessing = 0;
		};
/* End PBXCopyFilesBuildPhase section */

/* Begin PBXFileReference section */
		9234BF5A227CA61500A43A2C /* Tesseract.framework */ = {isa = PBXFileReference; explicitFileType = wrapper.framework; includeInIndex = 0; path = Tesseract.framework; sourceTree = BUILT_PRODUCTS_DIR; };
		9234BF63227CA61500A43A2C /* TesseractTests-iOS.xctest */ = {isa = PBXFileReference; explicitFileType = wrapper.cfbundle; includeInIndex = 0; path = "TesseractTests-iOS.xctest"; sourceTree = BUILT_PRODUCTS_DIR; };
		9234BF77227CA69700A43A2C /* Info.plist */ = {isa = PBXFileReference; fileEncoding = 4; lastKnownFileType = text.plist.xml; path = Info.plist; sourceTree = "<group>"; };
		9234BF7A227CA6AD00A43A2C /* TesseractTests.swift */ = {isa = PBXFileReference; fileEncoding = 4; lastKnownFileType = sourcecode.swift; path = TesseractTests.swift; sourceTree = "<group>"; };
		9234BF7B227CA6AD00A43A2C /* Info.plist */ = {isa = PBXFileReference; fileEncoding = 4; lastKnownFileType = text.plist.xml; path = Info.plist; sourceTree = "<group>"; };
		9234BF7E227CA7B900A43A2C /* Tesseract.swift */ = {isa = PBXFileReference; lastKnownFileType = sourcecode.swift; path = Tesseract.swift; sourceTree = "<group>"; };
		9234BF80227CA8E000A43A2C /* Extension.swift */ = {isa = PBXFileReference; lastKnownFileType = sourcecode.swift; path = Extension.swift; sourceTree = "<group>"; };
		9234BF88227CACA300A43A2C /* OpenWallet.swift */ = {isa = PBXFileReference; lastKnownFileType = sourcecode.swift; path = OpenWallet.swift; sourceTree = "<group>"; };
		9234BF8C227CB35C00A43A2C /* EthereumExtensions.swift */ = {isa = PBXFileReference; lastKnownFileType = sourcecode.swift; path = EthereumExtensions.swift; sourceTree = "<group>"; };
		9234BF8E227CCA3900A43A2C /* TesseractSDK.podspec */ = {isa = PBXFileReference; lastKnownFileType = text; path = TesseractSDK.podspec; sourceTree = "<group>"; };
		9234BF92227CD2CC00A43A2C /* Web3.swift */ = {isa = PBXFileReference; lastKnownFileType = sourcecode.swift; path = Web3.swift; sourceTree = "<group>"; };
		92C64C622284A8A800F547C3 /* TesseractEthereum.framework */ = {isa = PBXFileReference; explicitFileType = wrapper.framework; includeInIndex = 0; path = TesseractEthereum.framework; sourceTree = BUILT_PRODUCTS_DIR; };
		92C64C852284AD9600F547C3 /* OpenWallet.framework */ = {isa = PBXFileReference; lastKnownFileType = wrapper.framework; path = OpenWallet.framework; sourceTree = "<group>"; };
		92C64C862284AD9600F547C3 /* OpenWalletCore.framework */ = {isa = PBXFileReference; lastKnownFileType = wrapper.framework; path = OpenWalletCore.framework; sourceTree = "<group>"; };
		92C64C8C2284AE4C00F547C3 /* CryptoSwift.framework */ = {isa = PBXFileReference; lastKnownFileType = wrapper.framework; path = CryptoSwift.framework; sourceTree = "<group>"; };
		92C64C8D2284AE4C00F547C3 /* OpenWalletEthereum.framework */ = {isa = PBXFileReference; lastKnownFileType = wrapper.framework; path = OpenWalletEthereum.framework; sourceTree = "<group>"; };
		92C64C8E2284AE4C00F547C3 /* Ethereum.framework */ = {isa = PBXFileReference; lastKnownFileType = wrapper.framework; path = Ethereum.framework; sourceTree = "<group>"; };
		92C64C8F2284AE4C00F547C3 /* BigInt.framework */ = {isa = PBXFileReference; lastKnownFileType = wrapper.framework; path = BigInt.framework; sourceTree = "<group>"; };
		92C64C902284AE4D00F547C3 /* Serializable.framework */ = {isa = PBXFileReference; lastKnownFileType = wrapper.framework; path = Serializable.framework; sourceTree = "<group>"; };
/* End PBXFileReference section */

/* Begin PBXFrameworksBuildPhase section */
		9234BF57227CA61500A43A2C /* Frameworks */ = {
			isa = PBXFrameworksBuildPhase;
			buildActionMask = 2147483647;
			files = (
				92C64C882284AD9600F547C3 /* OpenWalletCore.framework in Frameworks */,
				92C64C872284AD9600F547C3 /* OpenWallet.framework in Frameworks */,
			);
			runOnlyForDeploymentPostprocessing = 0;
		};
		9234BF60227CA61500A43A2C /* Frameworks */ = {
			isa = PBXFrameworksBuildPhase;
			buildActionMask = 2147483647;
			files = (
				9234BF64227CA61500A43A2C /* Tesseract.framework in Frameworks */,
				92C64C832284ACC700F547C3 /* TesseractEthereum.framework in Frameworks */,
			);
			runOnlyForDeploymentPostprocessing = 0;
		};
		92C64C5F2284A8A800F547C3 /* Frameworks */ = {
			isa = PBXFrameworksBuildPhase;
			buildActionMask = 2147483647;
			files = (
				92C64C7D2284AA0C00F547C3 /* Tesseract.framework in Frameworks */,
				92C64C952284AE4D00F547C3 /* Serializable.framework in Frameworks */,
				92C64C8B2284ADDD00F547C3 /* OpenWalletCore.framework in Frameworks */,
				92C64C8A2284ADD900F547C3 /* OpenWallet.framework in Frameworks */,
				92C64C942284AE4D00F547C3 /* BigInt.framework in Frameworks */,
				92C64C912284AE4D00F547C3 /* CryptoSwift.framework in Frameworks */,
				92C64C922284AE4D00F547C3 /* OpenWalletEthereum.framework in Frameworks */,
				92C64C932284AE4D00F547C3 /* Ethereum.framework in Frameworks */,
			);
			runOnlyForDeploymentPostprocessing = 0;
		};
/* End PBXFrameworksBuildPhase section */

/* Begin PBXGroup section */
		9234BF50227CA61500A43A2C = {
			isa = PBXGroup;
			children = (
				9234BF8E227CCA3900A43A2C /* TesseractSDK.podspec */,
				9234BF74227CA66000A43A2C /* Sources */,
				9234BF75227CA66A00A43A2C /* Tests */,
				9234BF5B227CA61500A43A2C /* Products */,
				EE5C40B62F9559A0EA8BB543 /* Frameworks */,
			);
			sourceTree = "<group>";
		};
		9234BF5B227CA61500A43A2C /* Products */ = {
			isa = PBXGroup;
			children = (
				9234BF5A227CA61500A43A2C /* Tesseract.framework */,
				9234BF63227CA61500A43A2C /* TesseractTests-iOS.xctest */,
				92C64C622284A8A800F547C3 /* TesseractEthereum.framework */,
			);
			name = Products;
			sourceTree = "<group>";
		};
		9234BF74227CA66000A43A2C /* Sources */ = {
			isa = PBXGroup;
			children = (
				9234BF8F227CCB0E00A43A2C /* Tesseract */,
			);
			path = Sources;
			sourceTree = "<group>";
		};
		9234BF75227CA66A00A43A2C /* Tests */ = {
			isa = PBXGroup;
			children = (
				9234BF79227CA6AD00A43A2C /* TesseractTests */,
			);
			path = Tests;
			sourceTree = "<group>";
		};
		9234BF76227CA69700A43A2C /* Core */ = {
			isa = PBXGroup;
			children = (
				9234BF77227CA69700A43A2C /* Info.plist */,
				9234BF7E227CA7B900A43A2C /* Tesseract.swift */,
				9234BF80227CA8E000A43A2C /* Extension.swift */,
				9234BF88227CACA300A43A2C /* OpenWallet.swift */,
			);
			path = Core;
			sourceTree = "<group>";
		};
		9234BF79227CA6AD00A43A2C /* TesseractTests */ = {
			isa = PBXGroup;
			children = (
				9234BF7A227CA6AD00A43A2C /* TesseractTests.swift */,
				9234BF7B227CA6AD00A43A2C /* Info.plist */,
			);
			path = TesseractTests;
			sourceTree = "<group>";
		};
		9234BF82227CAA4500A43A2C /* Ethereum */ = {
			isa = PBXGroup;
			children = (
				9234BF90227CD29700A43A2C /* Core */,
				9234BF92227CD2CC00A43A2C /* Web3.swift */,
			);
			path = Ethereum;
			sourceTree = "<group>";
		};
		9234BF8F227CCB0E00A43A2C /* Tesseract */ = {
			isa = PBXGroup;
			children = (
				9234BF76227CA69700A43A2C /* Core */,
				9234BF82227CAA4500A43A2C /* Ethereum */,
			);
			path = Tesseract;
			sourceTree = "<group>";
		};
		9234BF90227CD29700A43A2C /* Core */ = {
			isa = PBXGroup;
			children = (
				9234BF8C227CB35C00A43A2C /* EthereumExtensions.swift */,
			);
			path = Core;
			sourceTree = "<group>";
		};
		92C64C842284ACEE00F547C3 /* iOS */ = {
			isa = PBXGroup;
			children = (
				92C64C8F2284AE4C00F547C3 /* BigInt.framework */,
				92C64C8C2284AE4C00F547C3 /* CryptoSwift.framework */,
				92C64C8E2284AE4C00F547C3 /* Ethereum.framework */,
				92C64C8D2284AE4C00F547C3 /* OpenWalletEthereum.framework */,
				92C64C902284AE4D00F547C3 /* Serializable.framework */,
				92C64C852284AD9600F547C3 /* OpenWallet.framework */,
				92C64C862284AD9600F547C3 /* OpenWalletCore.framework */,
			);
			path = iOS;
			sourceTree = "<group>";
		};
		EE5C40B62F9559A0EA8BB543 /* Frameworks */ = {
			isa = PBXGroup;
			children = (
				92C64C842284ACEE00F547C3 /* iOS */,
			);
			name = Frameworks;
			path = Carthage/Build;
			sourceTree = "<group>";
		};
/* End PBXGroup section */

/* Begin PBXHeadersBuildPhase section */
		9234BF55227CA61500A43A2C /* Headers */ = {
			isa = PBXHeadersBuildPhase;
			buildActionMask = 2147483647;
			files = (
			);
			runOnlyForDeploymentPostprocessing = 0;
		};
		92C64C5D2284A8A800F547C3 /* Headers */ = {
			isa = PBXHeadersBuildPhase;
			buildActionMask = 2147483647;
			files = (
			);
			runOnlyForDeploymentPostprocessing = 0;
		};
/* End PBXHeadersBuildPhase section */

/* Begin PBXNativeTarget section */
		9234BF59227CA61500A43A2C /* Tesseract-iOS */ = {
			isa = PBXNativeTarget;
			buildConfigurationList = 9234BF6E227CA61500A43A2C /* Build configuration list for PBXNativeTarget "Tesseract-iOS" */;
			buildPhases = (
				9234BF55227CA61500A43A2C /* Headers */,
				9234BF56227CA61500A43A2C /* Sources */,
				9234BF57227CA61500A43A2C /* Frameworks */,
				9234BF58227CA61500A43A2C /* Resources */,
			);
			buildRules = (
			);
			dependencies = (
			);
			name = "Tesseract-iOS";
			productName = "Tesseract-iOS";
			productReference = 9234BF5A227CA61500A43A2C /* Tesseract.framework */;
			productType = "com.apple.product-type.framework";
		};
		9234BF62227CA61500A43A2C /* TesseractTests-iOS */ = {
			isa = PBXNativeTarget;
			buildConfigurationList = 9234BF71227CA61500A43A2C /* Build configuration list for PBXNativeTarget "TesseractTests-iOS" */;
			buildPhases = (
				9234BF5F227CA61500A43A2C /* Sources */,
				9234BF60227CA61500A43A2C /* Frameworks */,
				9234BF61227CA61500A43A2C /* Resources */,
				927DDD2F2284AE8E00B7719D /* Copy Frameworks */,
			);
			buildRules = (
			);
			dependencies = (
				9234BF66227CA61500A43A2C /* PBXTargetDependency */,
				92C64C822284ACB200F547C3 /* PBXTargetDependency */,
			);
			name = "TesseractTests-iOS";
			productName = "Tesseract-iOSTests";
			productReference = 9234BF63227CA61500A43A2C /* TesseractTests-iOS.xctest */;
			productType = "com.apple.product-type.bundle.unit-test";
		};
		92C64C612284A8A800F547C3 /* TesseractEthereum-iOS */ = {
			isa = PBXNativeTarget;
			buildConfigurationList = 92C64C672284A8A900F547C3 /* Build configuration list for PBXNativeTarget "TesseractEthereum-iOS" */;
			buildPhases = (
				92C64C5D2284A8A800F547C3 /* Headers */,
				92C64C5E2284A8A800F547C3 /* Sources */,
				92C64C5F2284A8A800F547C3 /* Frameworks */,
				92C64C602284A8A800F547C3 /* Resources */,
			);
			buildRules = (
			);
			dependencies = (
				92C64C782284A9CD00F547C3 /* PBXTargetDependency */,
			);
			name = "TesseractEthereum-iOS";
			productName = TesseractEthereum;
			productReference = 92C64C622284A8A800F547C3 /* TesseractEthereum.framework */;
			productType = "com.apple.product-type.framework";
		};
/* End PBXNativeTarget section */

/* Begin PBXProject section */
		9234BF51227CA61500A43A2C /* Project object */ = {
			isa = PBXProject;
			attributes = {
				LastSwiftUpdateCheck = 1020;
				LastUpgradeCheck = 1020;
				ORGANIZATIONNAME = "Tesseract Systems, Inc.";
				TargetAttributes = {
					9234BF59227CA61500A43A2C = {
						CreatedOnToolsVersion = 10.2.1;
						LastSwiftMigration = 1020;
					};
					9234BF62227CA61500A43A2C = {
						CreatedOnToolsVersion = 10.2.1;
					};
					92C64C612284A8A800F547C3 = {
						CreatedOnToolsVersion = 10.2.1;
					};
				};
			};
			buildConfigurationList = 9234BF54227CA61500A43A2C /* Build configuration list for PBXProject "Tesseract" */;
			compatibilityVersion = "Xcode 9.3";
			developmentRegion = en;
			hasScannedForEncodings = 0;
			knownRegions = (
				en,
			);
			mainGroup = 9234BF50227CA61500A43A2C;
			productRefGroup = 9234BF5B227CA61500A43A2C /* Products */;
			projectDirPath = "";
			projectRoot = "";
			targets = (
				9234BF59227CA61500A43A2C /* Tesseract-iOS */,
				92C64C612284A8A800F547C3 /* TesseractEthereum-iOS */,
				9234BF62227CA61500A43A2C /* TesseractTests-iOS */,
			);
		};
/* End PBXProject section */

/* Begin PBXResourcesBuildPhase section */
		9234BF58227CA61500A43A2C /* Resources */ = {
			isa = PBXResourcesBuildPhase;
			buildActionMask = 2147483647;
			files = (
			);
			runOnlyForDeploymentPostprocessing = 0;
		};
		9234BF61227CA61500A43A2C /* Resources */ = {
			isa = PBXResourcesBuildPhase;
			buildActionMask = 2147483647;
			files = (
			);
			runOnlyForDeploymentPostprocessing = 0;
		};
		92C64C602284A8A800F547C3 /* Resources */ = {
			isa = PBXResourcesBuildPhase;
			buildActionMask = 2147483647;
			files = (
			);
			runOnlyForDeploymentPostprocessing = 0;
		};
/* End PBXResourcesBuildPhase section */

/* Begin PBXSourcesBuildPhase section */
		9234BF56227CA61500A43A2C /* Sources */ = {
			isa = PBXSourcesBuildPhase;
			buildActionMask = 2147483647;
			files = (
				9234BF89227CACA300A43A2C /* OpenWallet.swift in Sources */,
				9234BF7F227CA7B900A43A2C /* Tesseract.swift in Sources */,
				9234BF81227CA8E000A43A2C /* Extension.swift in Sources */,
			);
			runOnlyForDeploymentPostprocessing = 0;
		};
		9234BF5F227CA61500A43A2C /* Sources */ = {
			isa = PBXSourcesBuildPhase;
			buildActionMask = 2147483647;
			files = (
				9234BF7C227CA6AD00A43A2C /* TesseractTests.swift in Sources */,
			);
			runOnlyForDeploymentPostprocessing = 0;
		};
		92C64C5E2284A8A800F547C3 /* Sources */ = {
			isa = PBXSourcesBuildPhase;
			buildActionMask = 2147483647;
			files = (
				927DDD372284AF5800B7719D /* Web3.swift in Sources */,
				92C64C802284AAD400F547C3 /* EthereumExtensions.swift in Sources */,
			);
			runOnlyForDeploymentPostprocessing = 0;
		};
/* End PBXSourcesBuildPhase section */

/* Begin PBXTargetDependency section */
		9234BF66227CA61500A43A2C /* PBXTargetDependency */ = {
			isa = PBXTargetDependency;
			target = 9234BF59227CA61500A43A2C /* Tesseract-iOS */;
			targetProxy = 9234BF65227CA61500A43A2C /* PBXContainerItemProxy */;
		};
		92C64C782284A9CD00F547C3 /* PBXTargetDependency */ = {
			isa = PBXTargetDependency;
			target = 9234BF59227CA61500A43A2C /* Tesseract-iOS */;
			targetProxy = 92C64C772284A9CD00F547C3 /* PBXContainerItemProxy */;
		};
		92C64C822284ACB200F547C3 /* PBXTargetDependency */ = {
			isa = PBXTargetDependency;
			target = 92C64C612284A8A800F547C3 /* TesseractEthereum-iOS */;
			targetProxy = 92C64C812284ACB200F547C3 /* PBXContainerItemProxy */;
		};
/* End PBXTargetDependency section */

/* Begin XCBuildConfiguration section */
		9234BF6C227CA61500A43A2C /* Debug */ = {
			isa = XCBuildConfiguration;
			buildSettings = {
				ALWAYS_SEARCH_USER_PATHS = NO;
				CLANG_ANALYZER_NONNULL = YES;
				CLANG_ANALYZER_NUMBER_OBJECT_CONVERSION = YES_AGGRESSIVE;
				CLANG_CXX_LANGUAGE_STANDARD = "gnu++14";
				CLANG_CXX_LIBRARY = "libc++";
				CLANG_ENABLE_MODULES = YES;
				CLANG_ENABLE_OBJC_ARC = YES;
				CLANG_ENABLE_OBJC_WEAK = YES;
				CLANG_WARN_BLOCK_CAPTURE_AUTORELEASING = YES;
				CLANG_WARN_BOOL_CONVERSION = YES;
				CLANG_WARN_COMMA = YES;
				CLANG_WARN_CONSTANT_CONVERSION = YES;
				CLANG_WARN_DEPRECATED_OBJC_IMPLEMENTATIONS = YES;
				CLANG_WARN_DIRECT_OBJC_ISA_USAGE = YES_ERROR;
				CLANG_WARN_DOCUMENTATION_COMMENTS = YES;
				CLANG_WARN_EMPTY_BODY = YES;
				CLANG_WARN_ENUM_CONVERSION = YES;
				CLANG_WARN_INFINITE_RECURSION = YES;
				CLANG_WARN_INT_CONVERSION = YES;
				CLANG_WARN_NON_LITERAL_NULL_CONVERSION = YES;
				CLANG_WARN_OBJC_IMPLICIT_RETAIN_SELF = YES;
				CLANG_WARN_OBJC_LITERAL_CONVERSION = YES;
				CLANG_WARN_OBJC_ROOT_CLASS = YES_ERROR;
				CLANG_WARN_RANGE_LOOP_ANALYSIS = YES;
				CLANG_WARN_STRICT_PROTOTYPES = YES;
				CLANG_WARN_SUSPICIOUS_MOVE = YES;
				CLANG_WARN_UNGUARDED_AVAILABILITY = YES_AGGRESSIVE;
				CLANG_WARN_UNREACHABLE_CODE = YES;
				CLANG_WARN__DUPLICATE_METHOD_MATCH = YES;
				COPY_PHASE_STRIP = NO;
				CURRENT_PROJECT_VERSION = 1;
				DEBUG_INFORMATION_FORMAT = dwarf;
				ENABLE_STRICT_OBJC_MSGSEND = YES;
				ENABLE_TESTABILITY = YES;
				GCC_C_LANGUAGE_STANDARD = gnu11;
				GCC_DYNAMIC_NO_PIC = NO;
				GCC_NO_COMMON_BLOCKS = YES;
				GCC_OPTIMIZATION_LEVEL = 0;
				GCC_PREPROCESSOR_DEFINITIONS = (
					"DEBUG=1",
					"$(inherited)",
				);
				GCC_WARN_64_TO_32_BIT_CONVERSION = YES;
				GCC_WARN_ABOUT_RETURN_TYPE = YES_ERROR;
				GCC_WARN_UNDECLARED_SELECTOR = YES;
				GCC_WARN_UNINITIALIZED_AUTOS = YES_AGGRESSIVE;
				GCC_WARN_UNUSED_FUNCTION = YES;
				GCC_WARN_UNUSED_VARIABLE = YES;
				IPHONEOS_DEPLOYMENT_TARGET = 10.0;
				MACOSX_DEPLOYMENT_TARGET = 10.10;
				MTL_ENABLE_DEBUG_INFO = INCLUDE_SOURCE;
				MTL_FAST_MATH = YES;
				ONLY_ACTIVE_ARCH = YES;
				SWIFT_ACTIVE_COMPILATION_CONDITIONS = DEBUG;
				SWIFT_OPTIMIZATION_LEVEL = "-Onone";
				SWIFT_VERSION = 5.0;
				TARGETED_DEVICE_FAMILY = "1,2";
				VERSIONING_SYSTEM = "apple-generic";
				VERSION_INFO_PREFIX = "";
			};
			name = Debug;
		};
		9234BF6D227CA61500A43A2C /* Release */ = {
			isa = XCBuildConfiguration;
			buildSettings = {
				ALWAYS_SEARCH_USER_PATHS = NO;
				CLANG_ANALYZER_NONNULL = YES;
				CLANG_ANALYZER_NUMBER_OBJECT_CONVERSION = YES_AGGRESSIVE;
				CLANG_CXX_LANGUAGE_STANDARD = "gnu++14";
				CLANG_CXX_LIBRARY = "libc++";
				CLANG_ENABLE_MODULES = YES;
				CLANG_ENABLE_OBJC_ARC = YES;
				CLANG_ENABLE_OBJC_WEAK = YES;
				CLANG_WARN_BLOCK_CAPTURE_AUTORELEASING = YES;
				CLANG_WARN_BOOL_CONVERSION = YES;
				CLANG_WARN_COMMA = YES;
				CLANG_WARN_CONSTANT_CONVERSION = YES;
				CLANG_WARN_DEPRECATED_OBJC_IMPLEMENTATIONS = YES;
				CLANG_WARN_DIRECT_OBJC_ISA_USAGE = YES_ERROR;
				CLANG_WARN_DOCUMENTATION_COMMENTS = YES;
				CLANG_WARN_EMPTY_BODY = YES;
				CLANG_WARN_ENUM_CONVERSION = YES;
				CLANG_WARN_INFINITE_RECURSION = YES;
				CLANG_WARN_INT_CONVERSION = YES;
				CLANG_WARN_NON_LITERAL_NULL_CONVERSION = YES;
				CLANG_WARN_OBJC_IMPLICIT_RETAIN_SELF = YES;
				CLANG_WARN_OBJC_LITERAL_CONVERSION = YES;
				CLANG_WARN_OBJC_ROOT_CLASS = YES_ERROR;
				CLANG_WARN_RANGE_LOOP_ANALYSIS = YES;
				CLANG_WARN_STRICT_PROTOTYPES = YES;
				CLANG_WARN_SUSPICIOUS_MOVE = YES;
				CLANG_WARN_UNGUARDED_AVAILABILITY = YES_AGGRESSIVE;
				CLANG_WARN_UNREACHABLE_CODE = YES;
				CLANG_WARN__DUPLICATE_METHOD_MATCH = YES;
				COPY_PHASE_STRIP = NO;
				CURRENT_PROJECT_VERSION = 1;
				DEBUG_INFORMATION_FORMAT = "dwarf-with-dsym";
				ENABLE_NS_ASSERTIONS = NO;
				ENABLE_STRICT_OBJC_MSGSEND = YES;
				GCC_C_LANGUAGE_STANDARD = gnu11;
				GCC_NO_COMMON_BLOCKS = YES;
				GCC_WARN_64_TO_32_BIT_CONVERSION = YES;
				GCC_WARN_ABOUT_RETURN_TYPE = YES_ERROR;
				GCC_WARN_UNDECLARED_SELECTOR = YES;
				GCC_WARN_UNINITIALIZED_AUTOS = YES_AGGRESSIVE;
				GCC_WARN_UNUSED_FUNCTION = YES;
				GCC_WARN_UNUSED_VARIABLE = YES;
				IPHONEOS_DEPLOYMENT_TARGET = 10.0;
				MACOSX_DEPLOYMENT_TARGET = 10.10;
				MTL_ENABLE_DEBUG_INFO = NO;
				MTL_FAST_MATH = YES;
				SWIFT_COMPILATION_MODE = wholemodule;
				SWIFT_OPTIMIZATION_LEVEL = "-O";
				SWIFT_VERSION = 5.0;
				TARGETED_DEVICE_FAMILY = "1,2";
				VALIDATE_PRODUCT = YES;
				VERSIONING_SYSTEM = "apple-generic";
				VERSION_INFO_PREFIX = "";
			};
			name = Release;
		};
		9234BF6F227CA61500A43A2C /* Debug */ = {
			isa = XCBuildConfiguration;
			buildSettings = {
				CLANG_ENABLE_MODULES = YES;
				DEFINES_MODULE = YES;
				DYLIB_COMPATIBILITY_VERSION = 1;
				DYLIB_CURRENT_VERSION = 1;
				DYLIB_INSTALL_NAME_BASE = "@rpath";
				FRAMEWORK_SEARCH_PATHS = (
					"$(inherited)",
					"$(PROJECT_DIR)/Carthage/Build/iOS",
				);
				INFOPLIST_FILE = Sources/Tesseract/Core/Info.plist;
				INSTALL_PATH = "$(LOCAL_LIBRARY_DIR)/Frameworks";
				LD_RUNPATH_SEARCH_PATHS = (
					"$(inherited)",
					"@executable_path/Frameworks",
					"@loader_path/Frameworks",
				);
				PRODUCT_BUNDLE_IDENTIFIER = one.tesseract.Tesseract;
				PRODUCT_NAME = "$(PROJECT_NAME)";
				SDKROOT = iphoneos;
				SKIP_INSTALL = YES;
				SWIFT_OPTIMIZATION_LEVEL = "-Onone";
				TARGETED_DEVICE_FAMILY = "1,2";
			};
			name = Debug;
		};
		9234BF70227CA61500A43A2C /* Release */ = {
			isa = XCBuildConfiguration;
			buildSettings = {
				CLANG_ENABLE_MODULES = YES;
				DEFINES_MODULE = YES;
				DYLIB_COMPATIBILITY_VERSION = 1;
				DYLIB_CURRENT_VERSION = 1;
				DYLIB_INSTALL_NAME_BASE = "@rpath";
				FRAMEWORK_SEARCH_PATHS = (
					"$(inherited)",
					"$(PROJECT_DIR)/Carthage/Build/iOS",
				);
				INFOPLIST_FILE = Sources/Tesseract/Core/Info.plist;
				INSTALL_PATH = "$(LOCAL_LIBRARY_DIR)/Frameworks";
				LD_RUNPATH_SEARCH_PATHS = (
					"$(inherited)",
					"@executable_path/Frameworks",
					"@loader_path/Frameworks",
				);
				PRODUCT_BUNDLE_IDENTIFIER = one.tesseract.Tesseract;
				PRODUCT_NAME = "$(PROJECT_NAME)";
				SDKROOT = iphoneos;
				SKIP_INSTALL = YES;
				TARGETED_DEVICE_FAMILY = "1,2";
			};
			name = Release;
		};
		9234BF72227CA61500A43A2C /* Debug */ = {
			isa = XCBuildConfiguration;
			buildSettings = {
				INFOPLIST_FILE = Tests/TesseractTests/Info.plist;
				LD_RUNPATH_SEARCH_PATHS = (
					"$(inherited)",
					"@executable_path/Frameworks",
					"@loader_path/Frameworks",
				);
				PRODUCT_BUNDLE_IDENTIFIER = "one.tesseract.Tesseract-iOSTests";
				PRODUCT_NAME = "$(TARGET_NAME)";
				SDKROOT = iphoneos;
				TARGETED_DEVICE_FAMILY = "1,2";
			};
			name = Debug;
		};
		9234BF73227CA61500A43A2C /* Release */ = {
			isa = XCBuildConfiguration;
			buildSettings = {
				INFOPLIST_FILE = Tests/TesseractTests/Info.plist;
				LD_RUNPATH_SEARCH_PATHS = (
					"$(inherited)",
					"@executable_path/Frameworks",
					"@loader_path/Frameworks",
				);
				PRODUCT_BUNDLE_IDENTIFIER = "one.tesseract.Tesseract-iOSTests";
				PRODUCT_NAME = "$(TARGET_NAME)";
				SDKROOT = iphoneos;
				TARGETED_DEVICE_FAMILY = "1,2";
			};
			name = Release;
		};
		92C64C682284A8A900F547C3 /* Debug */ = {
			isa = XCBuildConfiguration;
			buildSettings = {
				DEFINES_MODULE = YES;
				DYLIB_COMPATIBILITY_VERSION = 1;
				DYLIB_CURRENT_VERSION = 1;
				DYLIB_INSTALL_NAME_BASE = "@rpath";
				FRAMEWORK_SEARCH_PATHS = (
					"$(inherited)",
					"$(PROJECT_DIR)/Carthage/Build/iOS",
				);
				INFOPLIST_FILE = Sources/Tesseract/Core/Info.plist;
				INSTALL_PATH = "$(LOCAL_LIBRARY_DIR)/Frameworks";
				LD_RUNPATH_SEARCH_PATHS = (
					"$(inherited)",
					"@executable_path/Frameworks",
					"@loader_path/Frameworks",
				);
				PRODUCT_BUNDLE_IDENTIFIER = one.tesseract.TesseractEthereum;
				PRODUCT_NAME = "$(PROJECT_NAME)Ethereum";
				SDKROOT = iphoneos;
				SKIP_INSTALL = YES;
				TARGETED_DEVICE_FAMILY = "1,2";
			};
			name = Debug;
		};
		92C64C692284A8A900F547C3 /* Release */ = {
			isa = XCBuildConfiguration;
			buildSettings = {
				DEFINES_MODULE = YES;
				DYLIB_COMPATIBILITY_VERSION = 1;
				DYLIB_CURRENT_VERSION = 1;
				DYLIB_INSTALL_NAME_BASE = "@rpath";
				FRAMEWORK_SEARCH_PATHS = (
					"$(inherited)",
					"$(PROJECT_DIR)/Carthage/Build/iOS",
				);
				INFOPLIST_FILE = Sources/Tesseract/Core/Info.plist;
				INSTALL_PATH = "$(LOCAL_LIBRARY_DIR)/Frameworks";
				LD_RUNPATH_SEARCH_PATHS = (
					"$(inherited)",
					"@executable_path/Frameworks",
					"@loader_path/Frameworks",
				);
				PRODUCT_BUNDLE_IDENTIFIER = one.tesseract.TesseractEthereum;
				PRODUCT_NAME = "$(PROJECT_NAME)Ethereum";
				SDKROOT = iphoneos;
				SKIP_INSTALL = YES;
				TARGETED_DEVICE_FAMILY = "1,2";
			};
			name = Release;
		};
/* End XCBuildConfiguration section */

/* Begin XCConfigurationList section */
		9234BF54227CA61500A43A2C /* Build configuration list for PBXProject "Tesseract" */ = {
			isa = XCConfigurationList;
			buildConfigurations = (
				9234BF6C227CA61500A43A2C /* Debug */,
				9234BF6D227CA61500A43A2C /* Release */,
			);
			defaultConfigurationIsVisible = 0;
			defaultConfigurationName = Release;
		};
		9234BF6E227CA61500A43A2C /* Build configuration list for PBXNativeTarget "Tesseract-iOS" */ = {
			isa = XCConfigurationList;
			buildConfigurations = (
				9234BF6F227CA61500A43A2C /* Debug */,
				9234BF70227CA61500A43A2C /* Release */,
			);
			defaultConfigurationIsVisible = 0;
			defaultConfigurationName = Release;
		};
		9234BF71227CA61500A43A2C /* Build configuration list for PBXNativeTarget "TesseractTests-iOS" */ = {
			isa = XCConfigurationList;
			buildConfigurations = (
				9234BF72227CA61500A43A2C /* Debug */,
				9234BF73227CA61500A43A2C /* Release */,
			);
			defaultConfigurationIsVisible = 0;
			defaultConfigurationName = Release;
		};
		92C64C672284A8A900F547C3 /* Build configuration list for PBXNativeTarget "TesseractEthereum-iOS" */ = {
			isa = XCConfigurationList;
			buildConfigurations = (
				92C64C682284A8A900F547C3 /* Debug */,
				92C64C692284A8A900F547C3 /* Release */,
			);
			defaultConfigurationIsVisible = 0;
			defaultConfigurationName = Release;
		};
/* End XCConfigurationList section */
	};
	rootObject = 9234BF51227CA61500A43A2C /* Project object */;
}
